
Microsoft Visual Studio Solution File, Format Version 12.00
# Visual Studio Version 17
VisualStudioVersion = 17.0.31612.314
MinimumVisualStudioVersion = 10.0.40219.1
Project("{FAE04EC0-301F-11D3-BF4B-00C04F79EFBC}") = "BulkyBookWeb", "BulkyBookWeb\BulkyBookWeb.csproj", "{D9C13C5C-E0A2-4097-959D-D192AD462570}"
EndProject
Global
	GlobalSection(SolutionConfigurationPlatforms) = preSolution
		Debug|Any CPU = Debug|Any CPU
		Release|Any CPU = Release|Any CPU
	EndGlobalSection
	GlobalSection(ProjectConfigurationPlatforms) = postSolution
		{D9C13C5C-E0A2-4097-959D-D192AD462570}.Debug|Any CPU.ActiveCfg = Debug|Any CPU
		{D9C13C5C-E0A2-4097-959D-D192AD462570}.Debug|Any CPU.Build.0 = Debug|Any CPU
		{D9C13C5C-E0A2-4097-959D-D192AD462570}.Release|Any CPU.ActiveCfg = Release|Any CPU
		{D9C13C5C-E0A2-4097-959D-D192AD462570}.Release|Any CPU.Build.0 = Release|Any CPU
	EndGlobalSection
	GlobalSection(SolutionProperties) = preSolution
		HideSolutionNode = FALSE
	EndGlobalSection
	GlobalSection(ExtensibilityGlobals) = postSolution
		SolutionGuid = {67149A86-5A92-48E2-BC9F-5430C784F35F}
	EndGlobalSection
EndGlobal
